
Microsoft Visual Studio Solution File, Format Version 12.00
# Visual Studio Version 17
VisualStudioVersion = 17.3.32804.467
MinimumVisualStudioVersion = 10.0.40219.1
Project("{9A19103F-16F7-4668-BE54-9A1E7A4F7556}") = "Assessment.API", "Assessment.API\Assessment.API.csproj", "{C917C3C6-9C0D-4636-8C02-027E23ADE8B8}"
EndProject
Project("{FAE04EC0-301F-11D3-BF4B-00C04F79EFBC}") = "ServiceCallsTest.Tests", "ServiceCallsTest.Tests\ServiceCallsTest.Tests.csproj", "{EDCDDFFD-1554-4089-9435-C9A520DF3CAD}"
EndProject
Global
	GlobalSection(SolutionConfigurationPlatforms) = preSolution
		Debug|Any CPU = Debug|Any CPU
		Release|Any CPU = Release|Any CPU
	EndGlobalSection
	GlobalSection(ProjectConfigurationPlatforms) = postSolution
		{C917C3C6-9C0D-4636-8C02-027E23ADE8B8}.Debug|Any CPU.ActiveCfg = Debug|Any CPU
		{C917C3C6-9C0D-4636-8C02-027E23ADE8B8}.Debug|Any CPU.Build.0 = Debug|Any CPU
		{C917C3C6-9C0D-4636-8C02-027E23ADE8B8}.Release|Any CPU.ActiveCfg = Release|Any CPU
		{C917C3C6-9C0D-4636-8C02-027E23ADE8B8}.Release|Any CPU.Build.0 = Release|Any CPU
		{EDCDDFFD-1554-4089-9435-C9A520DF3CAD}.Debug|Any CPU.ActiveCfg = Debug|Any CPU
		{EDCDDFFD-1554-4089-9435-C9A520DF3CAD}.Debug|Any CPU.Build.0 = Debug|Any CPU
		{EDCDDFFD-1554-4089-9435-C9A520DF3CAD}.Release|Any CPU.ActiveCfg = Release|Any CPU
		{EDCDDFFD-1554-4089-9435-C9A520DF3CAD}.Release|Any CPU.Build.0 = Release|Any CPU
	EndGlobalSection
	GlobalSection(SolutionProperties) = preSolution
		HideSolutionNode = FALSE
	EndGlobalSection
	GlobalSection(ExtensibilityGlobals) = postSolution
		SolutionGuid = {48F7B1B6-600E-4339-83CD-756A8C94401A}
	EndGlobalSection
EndGlobal
